
Microsoft Visual Studio Solution File, Format Version 12.00
# Visual Studio Version 16
VisualStudioVersion = 16.0.30523.141
MinimumVisualStudioVersion = 10.0.40219.1
Project("{FAE04EC0-301F-11D3-BF4B-00C04F79EFBC}") = "EasyPeasy", "EasyPeasy\EasyPeasy.csproj", "{5AE60662-20B1-43EC-9C91-04634F8C3BAC}"
EndProject
Global
	GlobalSection(SolutionConfigurationPlatforms) = preSolution
		Debug|Any CPU = Debug|Any CPU
		Release|Any CPU = Release|Any CPU
	EndGlobalSection
	GlobalSection(ProjectConfigurationPlatforms) = postSolution
		{5AE60662-20B1-43EC-9C91-04634F8C3BAC}.Debug|Any CPU.ActiveCfg = Debug|Any CPU
		{5AE60662-20B1-43EC-9C91-04634F8C3BAC}.Debug|Any CPU.Build.0 = Debug|Any CPU
		{5AE60662-20B1-43EC-9C91-04634F8C3BAC}.Release|Any CPU.ActiveCfg = Release|Any CPU
		{5AE60662-20B1-43EC-9C91-04634F8C3BAC}.Release|Any CPU.Build.0 = Release|Any CPU
	EndGlobalSection
	GlobalSection(SolutionProperties) = preSolution
		HideSolutionNode = FALSE
	EndGlobalSection
	GlobalSection(ExtensibilityGlobals) = postSolution
		SolutionGuid = {34321B59-8773-4E81-9260-5A648767523A}
	EndGlobalSection
EndGlobal
